
Microsoft Visual Studio Solution File, Format Version 12.00
# Visual Studio Version 17
VisualStudioVersion = 17.8.34330.188
MinimumVisualStudioVersion = 10.0.40219.1
Project("{FAE04EC0-301F-11D3-BF4B-00C04F79EFBC}") = "CQRSMediatrWebAPI", "CQRSMediatrWebAPI\CQRSMediatrWebAPI.csproj", "{ADB8244E-F4E4-4C51-8D93-3C3EF5BCA842}"
EndProject
Global
	GlobalSection(SolutionConfigurationPlatforms) = preSolution
		Debug|Any CPU = Debug|Any CPU
		Release|Any CPU = Release|Any CPU
	EndGlobalSection
	GlobalSection(ProjectConfigurationPlatforms) = postSolution
		{ADB8244E-F4E4-4C51-8D93-3C3EF5BCA842}.Debug|Any CPU.ActiveCfg = Debug|Any CPU
		{ADB8244E-F4E4-4C51-8D93-3C3EF5BCA842}.Debug|Any CPU.Build.0 = Debug|Any CPU
		{ADB8244E-F4E4-4C51-8D93-3C3EF5BCA842}.Release|Any CPU.ActiveCfg = Release|Any CPU
		{ADB8244E-F4E4-4C51-8D93-3C3EF5BCA842}.Release|Any CPU.Build.0 = Release|Any CPU
	EndGlobalSection
	GlobalSection(SolutionProperties) = preSolution
		HideSolutionNode = FALSE
	EndGlobalSection
	GlobalSection(ExtensibilityGlobals) = postSolution
		SolutionGuid = {60C8002C-DE7C-4A3E-990E-528A664FE09E}
	EndGlobalSection
EndGlobal
